
Microsoft Visual Studio Solution File, Format Version 12.00
# Visual Studio 15
VisualStudioVersion = 15.0.28307.136
MinimumVisualStudioVersion = 10.0.40219.1
Project("{FAE04EC0-301F-11D3-BF4B-00C04F79EFBC}") = "fabrikaconsole", "fabrikaconsole\fabrikaconsole.csproj", "{A760F272-CE0C-43B4-88D5-7B890C75848B}"
EndProject
Global
	GlobalSection(SolutionConfigurationPlatforms) = preSolution
		Debug|Any CPU = Debug|Any CPU
		Release|Any CPU = Release|Any CPU
	EndGlobalSection
	GlobalSection(ProjectConfigurationPlatforms) = postSolution
		{A760F272-CE0C-43B4-88D5-7B890C75848B}.Debug|Any CPU.ActiveCfg = Debug|Any CPU
		{A760F272-CE0C-43B4-88D5-7B890C75848B}.Debug|Any CPU.Build.0 = Debug|Any CPU
		{A760F272-CE0C-43B4-88D5-7B890C75848B}.Release|Any CPU.ActiveCfg = Release|Any CPU
		{A760F272-CE0C-43B4-88D5-7B890C75848B}.Release|Any CPU.Build.0 = Release|Any CPU
	EndGlobalSection
	GlobalSection(SolutionProperties) = preSolution
		HideSolutionNode = FALSE
	EndGlobalSection
	GlobalSection(ExtensibilityGlobals) = postSolution
		SolutionGuid = {669CDF89-EB25-4C80-B3D8-A6BBBF21CF5B}
	EndGlobalSection
EndGlobal
